// !$*UTF8*$!
{
	archiveVersion = 1;
	classes = {
	};
	objectVersion = 77;
	objects = {

/* Begin PBXBuildFile section */
		36793C892E9A8A5400412E5D /* MarkdownUI in Frameworks */ = {isa = PBXBuildFile; productRef = 36793C882E9A8A5400412E5D /* MarkdownUI */; };
/* End PBXBuildFile section */

/* Begin PBXContainerItemProxy section */
		36E646DE2DFE6F2C00AF67A7 /* PBXContainerItemProxy */ = {
			isa = PBXContainerItemProxy;
			containerPortal = 36E646C12DFE6F2A00AF67A7 /* Project object */;
			proxyType = 1;
			remoteGlobalIDString = 36E646C82DFE6F2A00AF67A7;
			remoteInfo = MySandBox;
		};
		36E646E82DFE6F2C00AF67A7 /* PBXContainerItemProxy */ = {
			isa = PBXContainerItemProxy;
			containerPortal = 36E646C12DFE6F2A00AF67A7 /* Project object */;
			proxyType = 1;
			remoteGlobalIDString = 36E646C82DFE6F2A00AF67A7;
			remoteInfo = MySandBox;
		};
/* End PBXContainerItemProxy section */

/* Begin PBXFileReference section */
		36E646C92DFE6F2A00AF67A7 /* MySandBox.app */ = {isa = PBXFileReference; explicitFileType = wrapper.application; includeInIndex = 0; path = MySandBox.app; sourceTree = BUILT_PRODUCTS_DIR; };
		36E646DD2DFE6F2C00AF67A7 /* MySandBoxTests.xctest */ = {isa = PBXFileReference; explicitFileType = wrapper.cfbundle; includeInIndex = 0; path = MySandBoxTests.xctest; sourceTree = BUILT_PRODUCTS_DIR; };
		36E646E72DFE6F2C00AF67A7 /* MySandBoxUITests.xctest */ = {isa = PBXFileReference; explicitFileType = wrapper.cfbundle; includeInIndex = 0; path = MySandBoxUITests.xctest; sourceTree = BUILT_PRODUCTS_DIR; };
/* End PBXFileReference section */

/* Begin PBXFileSystemSynchronizedBuildFileExceptionSet section */
		36E646EF2DFE6F2C00AF67A7 /* Exceptions for "MySandBox" folder in "MySandBox" target */ = {
			isa = PBXFileSystemSynchronizedBuildFileExceptionSet;
			membershipExceptions = (
				Info.plist,
			);
			target = 36E646C82DFE6F2A00AF67A7 /* MySandBox */;
		};
/* End PBXFileSystemSynchronizedBuildFileExceptionSet section */

/* Begin PBXFileSystemSynchronizedRootGroup section */
		36E646CB2DFE6F2A00AF67A7 /* MySandBox */ = {
			isa = PBXFileSystemSynchronizedRootGroup;
			exceptions = (
				36E646EF2DFE6F2C00AF67A7 /* Exceptions for "MySandBox" folder in "MySandBox" target */,
			);
			path = MySandBox;
			sourceTree = "<group>";
		};
		36E646E02DFE6F2C00AF67A7 /* MySandBoxTests */ = {
			isa = PBXFileSystemSynchronizedRootGroup;
			path = MySandBoxTests;
			sourceTree = "<group>";
		};
		36E646EA2DFE6F2C00AF67A7 /* MySandBoxUITests */ = {
			isa = PBXFileSystemSynchronizedRootGroup;
			path = MySandBoxUITests;
			sourceTree = "<group>";
		};
/* End PBXFileSystemSynchronizedRootGroup section */

/* Begin PBXFrameworksBuildPhase section */
		36E646C62DFE6F2A00AF67A7 /* Frameworks */ = {
			isa = PBXFrameworksBuildPhase;
			buildActionMask = 2147483647;
			files = (
				36793C892E9A8A5400412E5D /* MarkdownUI in Frameworks */,
			);
			runOnlyForDeploymentPostprocessing = 0;
		};
		36E646DA2DFE6F2C00AF67A7 /* Frameworks */ = {
			isa = PBXFrameworksBuildPhase;
			buildActionMask = 2147483647;
			files = (
			);
			runOnlyForDeploymentPostprocessing = 0;
		};
		36E646E42DFE6F2C00AF67A7 /* Frameworks */ = {
			isa = PBXFrameworksBuildPhase;
			buildActionMask = 2147483647;
			files = (
			);
			runOnlyForDeploymentPostprocessing = 0;
		};
/* End PBXFrameworksBuildPhase section */

/* Begin PBXGroup section */
		36E646C02DFE6F2A00AF67A7 = {
			isa = PBXGroup;
			children = (
				36E646CB2DFE6F2A00AF67A7 /* MySandBox */,
				36E646E02DFE6F2C00AF67A7 /* MySandBoxTests */,
				36E646EA2DFE6F2C00AF67A7 /* MySandBoxUITests */,
				36E646CA2DFE6F2A00AF67A7 /* Products */,
			);
			sourceTree = "<group>";
		};
		36E646CA2DFE6F2A00AF67A7 /* Products */ = {
			isa = PBXGroup;
			children = (
				36E646C92DFE6F2A00AF67A7 /* MySandBox.app */,
				36E646DD2DFE6F2C00AF67A7 /* MySandBoxTests.xctest */,
				36E646E72DFE6F2C00AF67A7 /* MySandBoxUITests.xctest */,
			);
			name = Products;
			sourceTree = "<group>";
		};
/* End PBXGroup section */

/* Begin PBXNativeTarget section */
		36E646C82DFE6F2A00AF67A7 /* MySandBox */ = {
			isa = PBXNativeTarget;
			buildConfigurationList = 36E646F02DFE6F2C00AF67A7 /* Build configuration list for PBXNativeTarget "MySandBox" */;
			buildPhases = (
				36E646C52DFE6F2A00AF67A7 /* Sources */,
				36E646C62DFE6F2A00AF67A7 /* Frameworks */,
				36E646C72DFE6F2A00AF67A7 /* Resources */,
			);
			buildRules = (
			);
			dependencies = (
			);
			fileSystemSynchronizedGroups = (
				36E646CB2DFE6F2A00AF67A7 /* MySandBox */,
			);
			name = MySandBox;
			packageProductDependencies = (
				36793C882E9A8A5400412E5D /* MarkdownUI */,
			);
			productName = MySandBox;
			productReference = 36E646C92DFE6F2A00AF67A7 /* MySandBox.app */;
			productType = "com.apple.product-type.application";
		};
		36E646DC2DFE6F2C00AF67A7 /* MySandBoxTests */ = {
			isa = PBXNativeTarget;
			buildConfigurationList = 36E646F52DFE6F2C00AF67A7 /* Build configuration list for PBXNativeTarget "MySandBoxTests" */;
			buildPhases = (
				36E646D92DFE6F2C00AF67A7 /* Sources */,
				36E646DA2DFE6F2C00AF67A7 /* Frameworks */,
				36E646DB2DFE6F2C00AF67A7 /* Resources */,
			);
			buildRules = (
			);
			dependencies = (
				36E646DF2DFE6F2C00AF67A7 /* PBXTargetDependency */,
			);
			fileSystemSynchronizedGroups = (
				36E646E02DFE6F2C00AF67A7 /* MySandBoxTests */,
			);
			name = MySandBoxTests;
			packageProductDependencies = (
			);
			productName = MySandBoxTests;
			productReference = 36E646DD2DFE6F2C00AF67A7 /* MySandBoxTests.xctest */;
			productType = "com.apple.product-type.bundle.unit-test";
		};
		36E646E62DFE6F2C00AF67A7 /* MySandBoxUITests */ = {
			isa = PBXNativeTarget;
			buildConfigurationList = 36E646F82DFE6F2C00AF67A7 /* Build configuration list for PBXNativeTarget "MySandBoxUITests" */;
			buildPhases = (
				36E646E32DFE6F2C00AF67A7 /* Sources */,
				36E646E42DFE6F2C00AF67A7 /* Frameworks */,
				36E646E52DFE6F2C00AF67A7 /* Resources */,
			);
			buildRules = (
			);
			dependencies = (
				36E646E92DFE6F2C00AF67A7 /* PBXTargetDependency */,
			);
			fileSystemSynchronizedGroups = (
				36E646EA2DFE6F2C00AF67A7 /* MySandBoxUITests */,
			);
			name = MySandBoxUITests;
			packageProductDependencies = (
			);
			productName = MySandBoxUITests;
			productReference = 36E646E72DFE6F2C00AF67A7 /* MySandBoxUITests.xctest */;
			productType = "com.apple.product-type.bundle.ui-testing";
		};
/* End PBXNativeTarget section */

/* Begin PBXProject section */
		36E646C12DFE6F2A00AF67A7 /* Project object */ = {
			isa = PBXProject;
			attributes = {
				BuildIndependentTargetsInParallel = 1;
				LastSwiftUpdateCheck = 1620;
				LastUpgradeCheck = 1620;
				TargetAttributes = {
					36E646C82DFE6F2A00AF67A7 = {
						CreatedOnToolsVersion = 16.2;
					};
					36E646DC2DFE6F2C00AF67A7 = {
						CreatedOnToolsVersion = 16.2;
						TestTargetID = 36E646C82DFE6F2A00AF67A7;
					};
					36E646E62DFE6F2C00AF67A7 = {
						CreatedOnToolsVersion = 16.2;
						TestTargetID = 36E646C82DFE6F2A00AF67A7;
					};
				};
			};
			buildConfigurationList = 36E646C42DFE6F2A00AF67A7 /* Build configuration list for PBXProject "MySandBox" */;
			developmentRegion = en;
			hasScannedForEncodings = 0;
			knownRegions = (
				en,
				Base,
			);
			mainGroup = 36E646C02DFE6F2A00AF67A7;
			minimizedProjectReferenceProxies = 1;
			packageReferences = (
				36793C872E9A8A5400412E5D /* XCRemoteSwiftPackageReference "swift-markdown-ui" */,
			);
			preferredProjectObjectVersion = 77;
			productRefGroup = 36E646CA2DFE6F2A00AF67A7 /* Products */;
			projectDirPath = "";
			projectRoot = "";
			targets = (
				36E646C82DFE6F2A00AF67A7 /* MySandBox */,
				36E646DC2DFE6F2C00AF67A7 /* MySandBoxTests */,
				36E646E62DFE6F2C00AF67A7 /* MySandBoxUITests */,
			);
		};
/* End PBXProject section */

/* Begin PBXResourcesBuildPhase section */
		36E646C72DFE6F2A00AF67A7 /* Resources */ = {
			isa = PBXResourcesBuildPhase;
			buildActionMask = 2147483647;
			files = (
			);
			runOnlyForDeploymentPostprocessing = 0;
		};
		36E646DB2DFE6F2C00AF67A7 /* Resources */ = {
			isa = PBXResourcesBuildPhase;
			buildActionMask = 2147483647;
			files = (
			);
			runOnlyForDeploymentPostprocessing = 0;
		};
		36E646E52DFE6F2C00AF67A7 /* Resources */ = {
			isa = PBXResourcesBuildPhase;
			buildActionMask = 2147483647;
			files = (
			);
			runOnlyForDeploymentPostprocessing = 0;
		};
/* End PBXResourcesBuildPhase section */

/* Begin PBXSourcesBuildPhase section */
		36E646C52DFE6F2A00AF67A7 /* Sources */ = {
			isa = PBXSourcesBuildPhase;
			buildActionMask = 2147483647;
			files = (
			);
			runOnlyForDeploymentPostprocessing = 0;
		};
		36E646D92DFE6F2C00AF67A7 /* Sources */ = {
			isa = PBXSourcesBuildPhase;
			buildActionMask = 2147483647;
			files = (
			);
			runOnlyForDeploymentPostprocessing = 0;
		};
		36E646E32DFE6F2C00AF67A7 /* Sources */ = {
			isa = PBXSourcesBuildPhase;
			buildActionMask = 2147483647;
			files = (
			);
			runOnlyForDeploymentPostprocessing = 0;
		};
/* End PBXSourcesBuildPhase section */

/* Begin PBXTargetDependency section */
		36E646DF2DFE6F2C00AF67A7 /* PBXTargetDependency */ = {
			isa = PBXTargetDependency;
			target = 36E646C82DFE6F2A00AF67A7 /* MySandBox */;
			targetProxy = 36E646DE2DFE6F2C00AF67A7 /* PBXContainerItemProxy */;
		};
		36E646E92DFE6F2C00AF67A7 /* PBXTargetDependency */ = {
			isa = PBXTargetDependency;
			target = 36E646C82DFE6F2A00AF67A7 /* MySandBox */;
			targetProxy = 36E646E82DFE6F2C00AF67A7 /* PBXContainerItemProxy */;
		};
/* End PBXTargetDependency section */

/* Begin XCBuildConfiguration section */
		36E646F12DFE6F2C00AF67A7 /* Debug */ = {
			isa = XCBuildConfiguration;
			buildSettings = {
				ASSETCATALOG_COMPILER_APPICON_NAME = AppIcon;
				ASSETCATALOG_COMPILER_GLOBAL_ACCENT_COLOR_NAME = AccentColor;
				CODE_SIGN_ENTITLEMENTS = MySandBox/MySandBox.entitlements;
				CODE_SIGN_STYLE = Automatic;
				CURRENT_PROJECT_VERSION = 1;
				DEVELOPMENT_ASSET_PATHS = "\"MySandBox/Preview Content\"";
				DEVELOPMENT_TEAM = KB4BJUD35F;
				ENABLE_PREVIEWS = YES;
				GENERATE_INFOPLIST_FILE = YES;
				INFOPLIST_FILE = MySandBox/Info.plist;
				INFOPLIST_KEY_UIApplicationSceneManifest_Generation = YES;
				INFOPLIST_KEY_UIApplicationSupportsIndirectInputEvents = YES;
				INFOPLIST_KEY_UILaunchScreen_Generation = YES;
				INFOPLIST_KEY_UISupportedInterfaceOrientations_iPad = "UIInterfaceOrientationPortrait UIInterfaceOrientationPortraitUpsideDown UIInterfaceOrientationLandscapeLeft UIInterfaceOrientationLandscapeRight";
				INFOPLIST_KEY_UISupportedInterfaceOrientations_iPhone = "UIInterfaceOrientationPortrait UIInterfaceOrientationLandscapeLeft UIInterfaceOrientationLandscapeRight";
				LD_RUNPATH_SEARCH_PATHS = (
					"$(inherited)",
					"@executable_path/Frameworks",
				);
				MARKETING_VERSION = 1.0;
				PRODUCT_BUNDLE_IDENTIFIER = beanstalk.MySandBox;
				PRODUCT_NAME = "$(TARGET_NAME)";
				SWIFT_EMIT_LOC_STRINGS = YES;
				SWIFT_VERSION = 5.0;
				TARGETED_DEVICE_FAMILY = "1,2";
			};
			name = Debug;
		};
		36E646F22DFE6F2C00AF67A7 /* Release */ = {
			isa = XCBuildConfiguration;
			buildSettings = {
				ASSETCATALOG_COMPILER_APPICON_NAME = AppIcon;
				ASSETCATALOG_COMPILER_GLOBAL_ACCENT_COLOR_NAME = AccentColor;
				CODE_SIGN_ENTITLEMENTS = MySandBox/MySandBox.entitlements;
				CODE_SIGN_STYLE = Automatic;
				CURRENT_PROJECT_VERSION = 1;
				DEVELOPMENT_ASSET_PATHS = "\"MySandBox/Preview Content\"";
				DEVELOPMENT_TEAM = KB4BJUD35F;
				ENABLE_PREVIEWS = YES;
				GENERATE_INFOPLIST_FILE = YES;
				INFOPLIST_FILE = MySandBox/Info.plist;
				INFOPLIST_KEY_UIApplicationSceneManifest_Generation = YES;
				INFOPLIST_KEY_UIApplicationSupportsIndirectInputEvents = YES;
				INFOPLIST_KEY_UILaunchScreen_Generation = YES;
				INFOPLIST_KEY_UISupportedInterfaceOrientations_iPad = "UIInterfaceOrientationPortrait UIInterfaceOrientationPortraitUpsideDown UIInterfaceOrientationLandscapeLeft UIInterfaceOrientationLandscapeRight";
				INFOPLIST_KEY_UISupportedInterfaceOrientations_iPhone = "UIInterfaceOrientationPortrait UIInterfaceOrientationLandscapeLeft UIInterfaceOrientationLandscapeRight";
				LD_RUNPATH_SEARCH_PATHS = (
					"$(inherited)",
					"@executable_path/Frameworks",
				);
				MARKETING_VERSION = 1.0;
				PRODUCT_BUNDLE_IDENTIFIER = beanstalk.MySandBox;
				PRODUCT_NAME = "$(TARGET_NAME)";
				SWIFT_EMIT_LOC_STRINGS = YES;
				SWIFT_VERSION = 5.0;
				TARGETED_DEVICE_FAMILY = "1,2";
			};
			name = Release;
		};
		36E646F32DFE6F2C00AF67A7 /* Debug */ = {
			isa = XCBuildConfiguration;
			buildSettings = {
				ALWAYS_SEARCH_USER_PATHS = NO;
				ASSETCATALOG_COMPILER_GENERATE_SWIFT_ASSET_SYMBOL_EXTENSIONS = YES;
				CLANG_ANALYZER_NONNULL = YES;
				CLANG_ANALYZER_NUMBER_OBJECT_CONVERSION = YES_AGGRESSIVE;
				CLANG_CXX_LANGUAGE_STANDARD = "gnu++20";
				CLANG_ENABLE_MODULES = YES;
				CLANG_ENABLE_OBJC_ARC = YES;
				CLANG_ENABLE_OBJC_WEAK = YES;
				CLANG_WARN_BLOCK_CAPTURE_AUTORELEASING = YES;
				CLANG_WARN_BOOL_CONVERSION = YES;
				CLANG_WARN_COMMA = YES;
				CLANG_WARN_CONSTANT_CONVERSION = YES;
				CLANG_WARN_DEPRECATED_OBJC_IMPLEMENTATIONS = YES;
				CLANG_WARN_DIRECT_OBJC_ISA_USAGE = YES_ERROR;
				CLANG_WARN_DOCUMENTATION_COMMENTS = YES;
				CLANG_WARN_EMPTY_BODY = YES;
				CLANG_WARN_ENUM_CONVERSION = YES;
				CLANG_WARN_INFINITE_RECURSION = YES;
				CLANG_WARN_INT_CONVERSION = YES;
				CLANG_WARN_NON_LITERAL_NULL_CONVERSION = YES;
				CLANG_WARN_OBJC_IMPLICIT_RETAIN_SELF = YES;
				CLANG_WARN_OBJC_LITERAL_CONVERSION = YES;
				CLANG_WARN_OBJC_ROOT_CLASS = YES_ERROR;
				CLANG_WARN_QUOTED_INCLUDE_IN_FRAMEWORK_HEADER = YES;
				CLANG_WARN_RANGE_LOOP_ANALYSIS = YES;
				CLANG_WARN_STRICT_PROTOTYPES = YES;
				CLANG_WARN_SUSPICIOUS_MOVE = YES;
				CLANG_WARN_UNGUARDED_AVAILABILITY = YES_AGGRESSIVE;
				CLANG_WARN_UNREACHABLE_CODE = YES;
				CLANG_WARN__DUPLICATE_METHOD_MATCH = YES;
				COPY_PHASE_STRIP = NO;
				DEBUG_INFORMATION_FORMAT = dwarf;
				ENABLE_STRICT_OBJC_MSGSEND = YES;
				ENABLE_TESTABILITY = YES;
				ENABLE_USER_SCRIPT_SANDBOXING = YES;
				GCC_C_LANGUAGE_STANDARD = gnu17;
				GCC_DYNAMIC_NO_PIC = NO;
				GCC_NO_COMMON_BLOCKS = YES;
				GCC_OPTIMIZATION_LEVEL = 0;
				GCC_PREPROCESSOR_DEFINITIONS = (
					"DEBUG=1",
					"$(inherited)",
				);
				GCC_WARN_64_TO_32_BIT_CONVERSION = YES;
				GCC_WARN_ABOUT_RETURN_TYPE = YES_ERROR;
				GCC_WARN_UNDECLARED_SELECTOR = YES;
				GCC_WARN_UNINITIALIZED_AUTOS = YES_AGGRESSIVE;
				GCC_WARN_UNUSED_FUNCTION = YES;
				GCC_WARN_UNUSED_VARIABLE = YES;
				IPHONEOS_DEPLOYMENT_TARGET = 18.2;
				LOCALIZATION_PREFERS_STRING_CATALOGS = YES;
				MTL_ENABLE_DEBUG_INFO = INCLUDE_SOURCE;
				MTL_FAST_MATH = YES;
				ONLY_ACTIVE_ARCH = YES;
				SDKROOT = iphoneos;
				SWIFT_ACTIVE_COMPILATION_CONDITIONS = "DEBUG $(inherited)";
				SWIFT_OPTIMIZATION_LEVEL = "-Onone";
			};
			name = Debug;
		};
		36E646F42DFE6F2C00AF67A7 /* Release */ = {
			isa = XCBuildConfiguration;
			buildSettings = {
				ALWAYS_SEARCH_USER_PATHS = NO;
				ASSETCATALOG_COMPILER_GENERATE_SWIFT_ASSET_SYMBOL_EXTENSIONS = YES;
				CLANG_ANALYZER_NONNULL = YES;
				CLANG_ANALYZER_NUMBER_OBJECT_CONVERSION = YES_AGGRESSIVE;
				CLANG_CXX_LANGUAGE_STANDARD = "gnu++20";
				CLANG_ENABLE_MODULES = YES;
				CLANG_ENABLE_OBJC_ARC = YES;
				CLANG_ENABLE_OBJC_WEAK = YES;
				CLANG_WARN_BLOCK_CAPTURE_AUTORELEASING = YES;
				CLANG_WARN_BOOL_CONVERSION = YES;
				CLANG_WARN_COMMA = YES;
				CLANG_WARN_CONSTANT_CONVERSION = YES;
				CLANG_WARN_DEPRECATED_OBJC_IMPLEMENTATIONS = YES;
				CLANG_WARN_DIRECT_OBJC_ISA_USAGE = YES_ERROR;
				CLANG_WARN_DOCUMENTATION_COMMENTS = YES;
				CLANG_WARN_EMPTY_BODY = YES;
				CLANG_WARN_ENUM_CONVERSION = YES;
				CLANG_WARN_INFINITE_RECURSION = YES;
				CLANG_WARN_INT_CONVERSION = YES;
				CLANG_WARN_NON_LITERAL_NULL_CONVERSION = YES;
				CLANG_WARN_OBJC_IMPLICIT_RETAIN_SELF = YES;
				CLANG_WARN_OBJC_LITERAL_CONVERSION = YES;
				CLANG_WARN_OBJC_ROOT_CLASS = YES_ERROR;
				CLANG_WARN_QUOTED_INCLUDE_IN_FRAMEWORK_HEADER = YES;
				CLANG_WARN_RANGE_LOOP_ANALYSIS = YES;
				CLANG_WARN_STRICT_PROTOTYPES = YES;
				CLANG_WARN_SUSPICIOUS_MOVE = YES;
				CLANG_WARN_UNGUARDED_AVAILABILITY = YES_AGGRESSIVE;
				CLANG_WARN_UNREACHABLE_CODE = YES;
				CLANG_WARN__DUPLICATE_METHOD_MATCH = YES;
				COPY_PHASE_STRIP = NO;
				DEBUG_INFORMATION_FORMAT = "dwarf-with-dsym";
				ENABLE_NS_ASSERTIONS = NO;
				ENABLE_STRICT_OBJC_MSGSEND = YES;
				ENABLE_USER_SCRIPT_SANDBOXING = YES;
				GCC_C_LANGUAGE_STANDARD = gnu17;
				GCC_NO_COMMON_BLOCKS = YES;
				GCC_WARN_64_TO_32_BIT_CONVERSION = YES;
				GCC_WARN_ABOUT_RETURN_TYPE = YES_ERROR;
				GCC_WARN_UNDECLARED_SELECTOR = YES;
				GCC_WARN_UNINITIALIZED_AUTOS = YES_AGGRESSIVE;
				GCC_WARN_UNUSED_FUNCTION = YES;
				GCC_WARN_UNUSED_VARIABLE = YES;
				IPHONEOS_DEPLOYMENT_TARGET = 18.2;
				LOCALIZATION_PREFERS_STRING_CATALOGS = YES;
				MTL_ENABLE_DEBUG_INFO = NO;
				MTL_FAST_MATH = YES;
				SDKROOT = iphoneos;
				SWIFT_COMPILATION_MODE = wholemodule;
				VALIDATE_PRODUCT = YES;
			};
			name = Release;
		};
		36E646F62DFE6F2C00AF67A7 /* Debug */ = {
			isa = XCBuildConfiguration;
			buildSettings = {
				BUNDLE_LOADER = "$(TEST_HOST)";
				CODE_SIGN_STYLE = Automatic;
				CURRENT_PROJECT_VERSION = 1;
				DEVELOPMENT_TEAM = KB4BJUD35F;
				GENERATE_INFOPLIST_FILE = YES;
				IPHONEOS_DEPLOYMENT_TARGET = 18.2;
				MARKETING_VERSION = 1.0;
				PRODUCT_BUNDLE_IDENTIFIER = beanstalk.MySandBoxTests;
				PRODUCT_NAME = "$(TARGET_NAME)";
				SWIFT_EMIT_LOC_STRINGS = NO;
				SWIFT_VERSION = 5.0;
				TARGETED_DEVICE_FAMILY = "1,2";
				TEST_HOST = "$(BUILT_PRODUCTS_DIR)/MySandBox.app/$(BUNDLE_EXECUTABLE_FOLDER_PATH)/MySandBox";
			};
			name = Debug;
		};
		36E646F72DFE6F2C00AF67A7 /* Release */ = {
			isa = XCBuildConfiguration;
			buildSettings = {
				BUNDLE_LOADER = "$(TEST_HOST)";
				CODE_SIGN_STYLE = Automatic;
				CURRENT_PROJECT_VERSION = 1;
				DEVELOPMENT_TEAM = KB4BJUD35F;
				GENERATE_INFOPLIST_FILE = YES;
				IPHONEOS_DEPLOYMENT_TARGET = 18.2;
				MARKETING_VERSION = 1.0;
				PRODUCT_BUNDLE_IDENTIFIER = beanstalk.MySandBoxTests;
				PRODUCT_NAME = "$(TARGET_NAME)";
				SWIFT_EMIT_LOC_STRINGS = NO;
				SWIFT_VERSION = 5.0;
				TARGETED_DEVICE_FAMILY = "1,2";
				TEST_HOST = "$(BUILT_PRODUCTS_DIR)/MySandBox.app/$(BUNDLE_EXECUTABLE_FOLDER_PATH)/MySandBox";
			};
			name = Release;
		};
		36E646F92DFE6F2C00AF67A7 /* Debug */ = {
			isa = XCBuildConfiguration;
			buildSettings = {
				CODE_SIGN_STYLE = Automatic;
				CURRENT_PROJECT_VERSION = 1;
				DEVELOPMENT_TEAM = KB4BJUD35F;
				GENERATE_INFOPLIST_FILE = YES;
				MARKETING_VERSION = 1.0;
				PRODUCT_BUNDLE_IDENTIFIER = beanstalk.MySandBoxUITests;
				PRODUCT_NAME = "$(TARGET_NAME)";
				SWIFT_EMIT_LOC_STRINGS = NO;
				SWIFT_VERSION = 5.0;
				TARGETED_DEVICE_FAMILY = "1,2";
				TEST_TARGET_NAME = MySandBox;
			};
			name = Debug;
		};
		36E646FA2DFE6F2C00AF67A7 /* Release */ = {
			isa = XCBuildConfiguration;
			buildSettings = {
				CODE_SIGN_STYLE = Automatic;
				CURRENT_PROJECT_VERSION = 1;
				DEVELOPMENT_TEAM = KB4BJUD35F;
				GENERATE_INFOPLIST_FILE = YES;
				MARKETING_VERSION = 1.0;
				PRODUCT_BUNDLE_IDENTIFIER = beanstalk.MySandBoxUITests;
				PRODUCT_NAME = "$(TARGET_NAME)";
				SWIFT_EMIT_LOC_STRINGS = NO;
				SWIFT_VERSION = 5.0;
				TARGETED_DEVICE_FAMILY = "1,2";
				TEST_TARGET_NAME = MySandBox;
			};
			name = Release;
		};
/* End XCBuildConfiguration section */

/* Begin XCConfigurationList section */
		36E646C42DFE6F2A00AF67A7 /* Build configuration list for PBXProject "MySandBox" */ = {
			isa = XCConfigurationList;
			buildConfigurations = (
				36E646F32DFE6F2C00AF67A7 /* Debug */,
				36E646F42DFE6F2C00AF67A7 /* Release */,
			);
			defaultConfigurationIsVisible = 0;
			defaultConfigurationName = Release;
		};
		36E646F02DFE6F2C00AF67A7 /* Build configuration list for PBXNativeTarget "MySandBox" */ = {
			isa = XCConfigurationList;
			buildConfigurations = (
				36E646F12DFE6F2C00AF67A7 /* Debug */,
				36E646F22DFE6F2C00AF67A7 /* Release */,
			);
			defaultConfigurationIsVisible = 0;
			defaultConfigurationName = Release;
		};
		36E646F52DFE6F2C00AF67A7 /* Build configuration list for PBXNativeTarget "MySandBoxTests" */ = {
			isa = XCConfigurationList;
			buildConfigurations = (
				36E646F62DFE6F2C00AF67A7 /* Debug */,
				36E646F72DFE6F2C00AF67A7 /* Release */,
			);
			defaultConfigurationIsVisible = 0;
			defaultConfigurationName = Release;
		};
		36E646F82DFE6F2C00AF67A7 /* Build configuration list for PBXNativeTarget "MySandBoxUITests" */ = {
			isa = XCConfigurationList;
			buildConfigurations = (
				36E646F92DFE6F2C00AF67A7 /* Debug */,
				36E646FA2DFE6F2C00AF67A7 /* Release */,
			);
			defaultConfigurationIsVisible = 0;
			defaultConfigurationName = Release;
		};
/* End XCConfigurationList section */

/* Begin XCRemoteSwiftPackageReference section */
		36793C872E9A8A5400412E5D /* XCRemoteSwiftPackageReference "swift-markdown-ui" */ = {
			isa = XCRemoteSwiftPackageReference;
			repositoryURL = "https://github.com/gonzalezreal/swift-markdown-ui";
			requirement = {
				kind = upToNextMajorVersion;
				minimumVersion = 2.4.1;
			};
		};
/* End XCRemoteSwiftPackageReference section */

/* Begin XCSwiftPackageProductDependency section */
		36793C882E9A8A5400412E5D /* MarkdownUI */ = {
			isa = XCSwiftPackageProductDependency;
			package = 36793C872E9A8A5400412E5D /* XCRemoteSwiftPackageReference "swift-markdown-ui" */;
			productName = MarkdownUI;
		};
/* End XCSwiftPackageProductDependency section */
	};
	rootObject = 36E646C12DFE6F2A00AF67A7 /* Project object */;
}
